// !$*UTF8*$!
{
	archiveVersion = 1;
	classes = {
	};
	objectVersion = 50;
	objects = {

/* Begin PBXBuildFile section */
		908F030E7246CA207FF977F7 /* Pods_Skbkontur.framework in Frameworks */ = {isa = PBXBuildFile; fileRef = AF754B5351B975FEB48EFD3F /* Pods_Skbkontur.framework */; };
		925CAC0722B8B2DC007C6473 /* LoadFactory.swift in Sources */ = {isa = PBXBuildFile; fileRef = 925CAC0622B8B2DC007C6473 /* LoadFactory.swift */; };
		925CAC0922B8B355007C6473 /* GlobalFunc.swift in Sources */ = {isa = PBXBuildFile; fileRef = 925CAC0822B8B355007C6473 /* GlobalFunc.swift */; };
		925ECF2422B0DD4200CDBFA8 /* PhoneNumberCell.swift in Sources */ = {isa = PBXBuildFile; fileRef = 925ECF2322B0DD4200CDBFA8 /* PhoneNumberCell.swift */; };
		925ECF2622B0DD6100CDBFA8 /* BiographyCell.swift in Sources */ = {isa = PBXBuildFile; fileRef = 925ECF2522B0DD6100CDBFA8 /* BiographyCell.swift */; };
		925ECF2822B0DD8700CDBFA8 /* MainInformationCell.swift in Sources */ = {isa = PBXBuildFile; fileRef = 925ECF2722B0DD8700CDBFA8 /* MainInformationCell.swift */; };
		925ECF2E22B0DDF700CDBFA8 /* MainVC.swift in Sources */ = {isa = PBXBuildFile; fileRef = 925ECF2D22B0DDF700CDBFA8 /* MainVC.swift */; };
		92ADF48B22B0CE7B0065B8DA /* AppDelegate.swift in Sources */ = {isa = PBXBuildFile; fileRef = 92ADF48A22B0CE7B0065B8DA /* AppDelegate.swift */; };
		92ADF49022B0CE7B0065B8DA /* Main.storyboard in Resources */ = {isa = PBXBuildFile; fileRef = 92ADF48E22B0CE7B0065B8DA /* Main.storyboard */; };
		92ADF49222B0CE7E0065B8DA /* Assets.xcassets in Resources */ = {isa = PBXBuildFile; fileRef = 92ADF49122B0CE7E0065B8DA /* Assets.xcassets */; };
		92ADF49522B0CE7E0065B8DA /* LaunchScreen.storyboard in Resources */ = {isa = PBXBuildFile; fileRef = 92ADF49322B0CE7E0065B8DA /* LaunchScreen.storyboard */; };
		92ADF49D22B0D34C0065B8DA /* CustomVC.swift in Sources */ = {isa = PBXBuildFile; fileRef = 92ADF49C22B0D34C0065B8DA /* CustomVC.swift */; };
		92ADF49F22B0D52E0065B8DA /* DetailVC.swift in Sources */ = {isa = PBXBuildFile; fileRef = 92ADF49E22B0D52E0065B8DA /* DetailVC.swift */; };
		92C900F022B0F101008A32B6 /* RealmModel.swift in Sources */ = {isa = PBXBuildFile; fileRef = 92C900EF22B0F101008A32B6 /* RealmModel.swift */; };
		92C900F222B0F459008A32B6 /* StorageManager.swift in Sources */ = {isa = PBXBuildFile; fileRef = 92C900F122B0F459008A32B6 /* StorageManager.swift */; };
		92C900F422B10A3B008A32B6 /* personModel.swift in Sources */ = {isa = PBXBuildFile; fileRef = 92C900F322B10A3B008A32B6 /* personModel.swift */; };
		92C9012422B4F35D008A32B6 /* Load.swift in Sources */ = {isa = PBXBuildFile; fileRef = 92C9012322B4F35D008A32B6 /* Load.swift */; };
		92C9012622B4FC34008A32B6 /* ViewModel.swift in Sources */ = {isa = PBXBuildFile; fileRef = 92C9012522B4FC34008A32B6 /* ViewModel.swift */; };
		92C9012822B4FF15008A32B6 /* TableViewModelType.swift in Sources */ = {isa = PBXBuildFile; fileRef = 92C9012722B4FF15008A32B6 /* TableViewModelType.swift */; };
		92C9012C22B50462008A32B6 /* TableViewCellViewModelType.swift in Sources */ = {isa = PBXBuildFile; fileRef = 92C9012B22B50462008A32B6 /* TableViewCellViewModelType.swift */; };
		92C9013022B5055B008A32B6 /* TableViewCellViewModel.swift in Sources */ = {isa = PBXBuildFile; fileRef = 92C9012F22B5055B008A32B6 /* TableViewCellViewModel.swift */; };
		92C9013422B51267008A32B6 /* DetailViewModel.swift in Sources */ = {isa = PBXBuildFile; fileRef = 92C9013322B51267008A32B6 /* DetailViewModel.swift */; };
		92C9013822B512A9008A32B6 /* DetailViewModelType.swift in Sources */ = {isa = PBXBuildFile; fileRef = 92C9013722B512A9008A32B6 /* DetailViewModelType.swift */; };
		92C9014022B517DD008A32B6 /* DetailViewCellViewModelType.swift in Sources */ = {isa = PBXBuildFile; fileRef = 92C9013F22B517DD008A32B6 /* DetailViewCellViewModelType.swift */; };
		92C9014222B518C0008A32B6 /* DetailViewCellViewModel.swift in Sources */ = {isa = PBXBuildFile; fileRef = 92C9014122B518C0008A32B6 /* DetailViewCellViewModel.swift */; };
/* End PBXBuildFile section */

/* Begin PBXFileReference section */
		018996B369B74FFC8C101B07 /* Pods-Skbkontur.release.xcconfig */ = {isa = PBXFileReference; includeInIndex = 1; lastKnownFileType = text.xcconfig; name = "Pods-Skbkontur.release.xcconfig"; path = "Target Support Files/Pods-Skbkontur/Pods-Skbkontur.release.xcconfig"; sourceTree = "<group>"; };
		72BF06C30EA1AFDB789098FC /* Pods-Skbkontur.debug.xcconfig */ = {isa = PBXFileReference; includeInIndex = 1; lastKnownFileType = text.xcconfig; name = "Pods-Skbkontur.debug.xcconfig"; path = "Target Support Files/Pods-Skbkontur/Pods-Skbkontur.debug.xcconfig"; sourceTree = "<group>"; };
		925CAC0622B8B2DC007C6473 /* LoadFactory.swift */ = {isa = PBXFileReference; lastKnownFileType = sourcecode.swift; path = LoadFactory.swift; sourceTree = "<group>"; };
		925CAC0822B8B355007C6473 /* GlobalFunc.swift */ = {isa = PBXFileReference; lastKnownFileType = sourcecode.swift; path = GlobalFunc.swift; sourceTree = "<group>"; };
		925ECF2322B0DD4200CDBFA8 /* PhoneNumberCell.swift */ = {isa = PBXFileReference; lastKnownFileType = sourcecode.swift; path = PhoneNumberCell.swift; sourceTree = "<group>"; };
		925ECF2522B0DD6100CDBFA8 /* BiographyCell.swift */ = {isa = PBXFileReference; lastKnownFileType = sourcecode.swift; path = BiographyCell.swift; sourceTree = "<group>"; };
		925ECF2722B0DD8700CDBFA8 /* MainInformationCell.swift */ = {isa = PBXFileReference; lastKnownFileType = sourcecode.swift; path = MainInformationCell.swift; sourceTree = "<group>"; };
		925ECF2D22B0DDF700CDBFA8 /* MainVC.swift */ = {isa = PBXFileReference; lastKnownFileType = sourcecode.swift; path = MainVC.swift; sourceTree = "<group>"; };
		92ADF48722B0CE7B0065B8DA /* Skbkontur.app */ = {isa = PBXFileReference; explicitFileType = wrapper.application; includeInIndex = 0; path = Skbkontur.app; sourceTree = BUILT_PRODUCTS_DIR; };
		92ADF48A22B0CE7B0065B8DA /* AppDelegate.swift */ = {isa = PBXFileReference; lastKnownFileType = sourcecode.swift; path = AppDelegate.swift; sourceTree = "<group>"; };
		92ADF48F22B0CE7B0065B8DA /* Base */ = {isa = PBXFileReference; lastKnownFileType = file.storyboard; name = Base; path = Base.lproj/Main.storyboard; sourceTree = "<group>"; };
		92ADF49122B0CE7E0065B8DA /* Assets.xcassets */ = {isa = PBXFileReference; lastKnownFileType = folder.assetcatalog; path = Assets.xcassets; sourceTree = "<group>"; };
		92ADF49422B0CE7E0065B8DA /* Base */ = {isa = PBXFileReference; lastKnownFileType = file.storyboard; name = Base; path = Base.lproj/LaunchScreen.storyboard; sourceTree = "<group>"; };
		92ADF49622B0CE7E0065B8DA /* Info.plist */ = {isa = PBXFileReference; lastKnownFileType = text.plist.xml; path = Info.plist; sourceTree = "<group>"; };
		92ADF49C22B0D34C0065B8DA /* CustomVC.swift */ = {isa = PBXFileReference; lastKnownFileType = sourcecode.swift; path = CustomVC.swift; sourceTree = "<group>"; };
		92ADF49E22B0D52E0065B8DA /* DetailVC.swift */ = {isa = PBXFileReference; lastKnownFileType = sourcecode.swift; path = DetailVC.swift; sourceTree = "<group>"; };
		92C900EF22B0F101008A32B6 /* RealmModel.swift */ = {isa = PBXFileReference; lastKnownFileType = sourcecode.swift; path = RealmModel.swift; sourceTree = "<group>"; };
		92C900F122B0F459008A32B6 /* StorageManager.swift */ = {isa = PBXFileReference; lastKnownFileType = sourcecode.swift; path = StorageManager.swift; sourceTree = "<group>"; };
		92C900F322B10A3B008A32B6 /* personModel.swift */ = {isa = PBXFileReference; lastKnownFileType = sourcecode.swift; path = personModel.swift; sourceTree = "<group>"; };
		92C9012322B4F35D008A32B6 /* Load.swift */ = {isa = PBXFileReference; lastKnownFileType = sourcecode.swift; path = Load.swift; sourceTree = "<group>"; };
		92C9012522B4FC34008A32B6 /* ViewModel.swift */ = {isa = PBXFileReference; lastKnownFileType = sourcecode.swift; path = ViewModel.swift; sourceTree = "<group>"; };
		92C9012722B4FF15008A32B6 /* TableViewModelType.swift */ = {isa = PBXFileReference; lastKnownFileType = sourcecode.swift; path = TableViewModelType.swift; sourceTree = "<group>"; };
		92C9012B22B50462008A32B6 /* TableViewCellViewModelType.swift */ = {isa = PBXFileReference; lastKnownFileType = sourcecode.swift; path = TableViewCellViewModelType.swift; sourceTree = "<group>"; };
		92C9012F22B5055B008A32B6 /* TableViewCellViewModel.swift */ = {isa = PBXFileReference; lastKnownFileType = sourcecode.swift; path = TableViewCellViewModel.swift; sourceTree = "<group>"; };
		92C9013322B51267008A32B6 /* DetailViewModel.swift */ = {isa = PBXFileReference; lastKnownFileType = sourcecode.swift; path = DetailViewModel.swift; sourceTree = "<group>"; };
		92C9013722B512A9008A32B6 /* DetailViewModelType.swift */ = {isa = PBXFileReference; lastKnownFileType = sourcecode.swift; path = DetailViewModelType.swift; sourceTree = "<group>"; };
		92C9013F22B517DD008A32B6 /* DetailViewCellViewModelType.swift */ = {isa = PBXFileReference; lastKnownFileType = sourcecode.swift; path = DetailViewCellViewModelType.swift; sourceTree = "<group>"; };
		92C9014122B518C0008A32B6 /* DetailViewCellViewModel.swift */ = {isa = PBXFileReference; lastKnownFileType = sourcecode.swift; path = DetailViewCellViewModel.swift; sourceTree = "<group>"; };
		AF754B5351B975FEB48EFD3F /* Pods_Skbkontur.framework */ = {isa = PBXFileReference; explicitFileType = wrapper.framework; includeInIndex = 0; path = Pods_Skbkontur.framework; sourceTree = BUILT_PRODUCTS_DIR; };
/* End PBXFileReference section */

/* Begin PBXFrameworksBuildPhase section */
		92ADF48422B0CE7B0065B8DA /* Frameworks */ = {
			isa = PBXFrameworksBuildPhase;
			buildActionMask = 2147483647;
			files = (
				908F030E7246CA207FF977F7 /* Pods_Skbkontur.framework in Frameworks */,
			);
			runOnlyForDeploymentPostprocessing = 0;
		};
/* End PBXFrameworksBuildPhase section */

/* Begin PBXGroup section */
		0846F7F246B6E5B2BA7FBA67 /* Pods */ = {
			isa = PBXGroup;
			children = (
				72BF06C30EA1AFDB789098FC /* Pods-Skbkontur.debug.xcconfig */,
				018996B369B74FFC8C101B07 /* Pods-Skbkontur.release.xcconfig */,
			);
			path = Pods;
			sourceTree = "<group>";
		};
		925CAC0A22B8E71C007C6473 /* Realm */ = {
			isa = PBXGroup;
			children = (
				92C900F122B0F459008A32B6 /* StorageManager.swift */,
			);
			path = Realm;
			sourceTree = "<group>";
		};
		925CAC0B22B8E733007C6473 /* Network */ = {
			isa = PBXGroup;
			children = (
				92C9012322B4F35D008A32B6 /* Load.swift */,
			);
			path = Network;
			sourceTree = "<group>";
		};
		925CAC0C22B8E749007C6473 /* HelpClasses */ = {
			isa = PBXGroup;
			children = (
				925CAC0622B8B2DC007C6473 /* LoadFactory.swift */,
				925CAC0822B8B355007C6473 /* GlobalFunc.swift */,
			);
			path = HelpClasses;
			sourceTree = "<group>";
		};
		925ECF2922B0DD8F00CDBFA8 /* CustomCell */ = {
			isa = PBXGroup;
			children = (
				925ECF2C22B0DDCE00CDBFA8 /* MainVC */,
				925ECF2B22B0DDB900CDBFA8 /* DetailVC */,
			);
			path = CustomCell;
			sourceTree = "<group>";
		};
		925ECF2B22B0DDB900CDBFA8 /* DetailVC */ = {
			isa = PBXGroup;
			children = (
				925ECF2722B0DD8700CDBFA8 /* MainInformationCell.swift */,
				925ECF2322B0DD4200CDBFA8 /* PhoneNumberCell.swift */,
				925ECF2522B0DD6100CDBFA8 /* BiographyCell.swift */,
			);
			path = DetailVC;
			sourceTree = "<group>";
		};
		925ECF2C22B0DDCE00CDBFA8 /* MainVC */ = {
			isa = PBXGroup;
			children = (
				92ADF49C22B0D34C0065B8DA /* CustomVC.swift */,
			);
			path = MainVC;
			sourceTree = "<group>";
		};
		925ECF2F22B0ED1000CDBFA8 /* Model */ = {
			isa = PBXGroup;
			children = (
				92C900EF22B0F101008A32B6 /* RealmModel.swift */,
				92C900F322B10A3B008A32B6 /* personModel.swift */,
			);
			path = Model;
			sourceTree = "<group>";
		};
		925ECF3022B0ED1C00CDBFA8 /* View */ = {
			isa = PBXGroup;
			children = (
				925ECF2D22B0DDF700CDBFA8 /* MainVC.swift */,
				92ADF49E22B0D52E0065B8DA /* DetailVC.swift */,
				925ECF2922B0DD8F00CDBFA8 /* CustomCell */,
				92ADF48E22B0CE7B0065B8DA /* Main.storyboard */,
				92ADF49322B0CE7E0065B8DA /* LaunchScreen.storyboard */,
			);
			path = View;
			sourceTree = "<group>";
		};
		925ECF3122B0ED2200CDBFA8 /* Controller */ = {
			isa = PBXGroup;
			children = (
				92ADF48A22B0CE7B0065B8DA /* AppDelegate.swift */,
			);
			path = Controller;
			sourceTree = "<group>";
		};
		92ADF47E22B0CE7B0065B8DA = {
			isa = PBXGroup;
			children = (
				92ADF48922B0CE7B0065B8DA /* Skbkontur */,
				92ADF48822B0CE7B0065B8DA /* Products */,
				0846F7F246B6E5B2BA7FBA67 /* Pods */,
				D36215F9256B1A2542D61BE7 /* Frameworks */,
			);
			sourceTree = "<group>";
		};
		92ADF48822B0CE7B0065B8DA /* Products */ = {
			isa = PBXGroup;
			children = (
				92ADF48722B0CE7B0065B8DA /* Skbkontur.app */,
			);
			name = Products;
			sourceTree = "<group>";
		};
		92ADF48922B0CE7B0065B8DA /* Skbkontur */ = {
			isa = PBXGroup;
			children = (
				92C9012922B4FF93008A32B6 /* ViewModel */,
				92C9012A22B4FF9D008A32B6 /* Protocols */,
				925ECF2F22B0ED1000CDBFA8 /* Model */,
				925ECF3022B0ED1C00CDBFA8 /* View */,
				925ECF3122B0ED2200CDBFA8 /* Controller */,
				92ADF49122B0CE7E0065B8DA /* Assets.xcassets */,
				92ADF49622B0CE7E0065B8DA /* Info.plist */,
				925CAC0A22B8E71C007C6473 /* Realm */,
				925CAC0B22B8E733007C6473 /* Network */,
				925CAC0C22B8E749007C6473 /* HelpClasses */,
			);
			path = Skbkontur;
			sourceTree = "<group>";
		};
		92C9012922B4FF93008A32B6 /* ViewModel */ = {
			isa = PBXGroup;
			children = (
				92C9012522B4FC34008A32B6 /* ViewModel.swift */,
				92C9012F22B5055B008A32B6 /* TableViewCellViewModel.swift */,
				92C9013322B51267008A32B6 /* DetailViewModel.swift */,
				92C9014122B518C0008A32B6 /* DetailViewCellViewModel.swift */,
			);
			path = ViewModel;
			sourceTree = "<group>";
		};
		92C9012A22B4FF9D008A32B6 /* Protocols */ = {
			isa = PBXGroup;
			children = (
				92C9012722B4FF15008A32B6 /* TableViewModelType.swift */,
				92C9012B22B50462008A32B6 /* TableViewCellViewModelType.swift */,
				92C9013722B512A9008A32B6 /* DetailViewModelType.swift */,
				92C9013F22B517DD008A32B6 /* DetailViewCellViewModelType.swift */,
			);
			path = Protocols;
			sourceTree = "<group>";
		};
		D36215F9256B1A2542D61BE7 /* Frameworks */ = {
			isa = PBXGroup;
			children = (
				AF754B5351B975FEB48EFD3F /* Pods_Skbkontur.framework */,
			);
			name = Frameworks;
			sourceTree = "<group>";
		};
/* End PBXGroup section */

/* Begin PBXNativeTarget section */
		92ADF48622B0CE7B0065B8DA /* Skbkontur */ = {
			isa = PBXNativeTarget;
			buildConfigurationList = 92ADF49922B0CE7E0065B8DA /* Build configuration list for PBXNativeTarget "Skbkontur" */;
			buildPhases = (
				33C787451A41936A3BFC5E36 /* [CP] Check Pods Manifest.lock */,
				92ADF48322B0CE7B0065B8DA /* Sources */,
				92ADF48422B0CE7B0065B8DA /* Frameworks */,
				92ADF48522B0CE7B0065B8DA /* Resources */,
				326AD7639D2FD07411E958DA /* [CP] Embed Pods Frameworks */,
			);
			buildRules = (
			);
			dependencies = (
			);
			name = Skbkontur;
			productName = Skbkontur;
			productReference = 92ADF48722B0CE7B0065B8DA /* Skbkontur.app */;
			productType = "com.apple.product-type.application";
		};
/* End PBXNativeTarget section */

/* Begin PBXProject section */
		92ADF47F22B0CE7B0065B8DA /* Project object */ = {
			isa = PBXProject;
			attributes = {
				LastSwiftUpdateCheck = 1020;
				LastUpgradeCheck = 1020;
				ORGANIZATIONNAME = "Денис Винокуров";
				TargetAttributes = {
					92ADF48622B0CE7B0065B8DA = {
						CreatedOnToolsVersion = 10.2.1;
					};
				};
			};
			buildConfigurationList = 92ADF48222B0CE7B0065B8DA /* Build configuration list for PBXProject "Skbkontur" */;
			compatibilityVersion = "Xcode 9.3";
			developmentRegion = en;
			hasScannedForEncodings = 0;
			knownRegions = (
				en,
				Base,
			);
			mainGroup = 92ADF47E22B0CE7B0065B8DA;
			productRefGroup = 92ADF48822B0CE7B0065B8DA /* Products */;
			projectDirPath = "";
			projectRoot = "";
			targets = (
				92ADF48622B0CE7B0065B8DA /* Skbkontur */,
			);
		};
/* End PBXProject section */

/* Begin PBXResourcesBuildPhase section */
		92ADF48522B0CE7B0065B8DA /* Resources */ = {
			isa = PBXResourcesBuildPhase;
			buildActionMask = 2147483647;
			files = (
				92ADF49522B0CE7E0065B8DA /* LaunchScreen.storyboard in Resources */,
				92ADF49222B0CE7E0065B8DA /* Assets.xcassets in Resources */,
				92ADF49022B0CE7B0065B8DA /* Main.storyboard in Resources */,
			);
			runOnlyForDeploymentPostprocessing = 0;
		};
/* End PBXResourcesBuildPhase section */

/* Begin PBXShellScriptBuildPhase section */
		326AD7639D2FD07411E958DA /* [CP] Embed Pods Frameworks */ = {
			isa = PBXShellScriptBuildPhase;
			buildActionMask = 2147483647;
			files = (
			);
			inputFileListPaths = (
			);
			inputPaths = (
				"${PODS_ROOT}/Target Support Files/Pods-Skbkontur/Pods-Skbkontur-frameworks.sh",
				"${BUILT_PRODUCTS_DIR}/Realm/Realm.framework",
				"${BUILT_PRODUCTS_DIR}/RealmSwift/RealmSwift.framework",
			);
			name = "[CP] Embed Pods Frameworks";
			outputFileListPaths = (
			);
			outputPaths = (
				"${TARGET_BUILD_DIR}/${FRAMEWORKS_FOLDER_PATH}/Realm.framework",
				"${TARGET_BUILD_DIR}/${FRAMEWORKS_FOLDER_PATH}/RealmSwift.framework",
			);
			runOnlyForDeploymentPostprocessing = 0;
			shellPath = /bin/sh;
			shellScript = "\"${PODS_ROOT}/Target Support Files/Pods-Skbkontur/Pods-Skbkontur-frameworks.sh\"\n";
			showEnvVarsInLog = 0;
		};
		33C787451A41936A3BFC5E36 /* [CP] Check Pods Manifest.lock */ = {
			isa = PBXShellScriptBuildPhase;
			buildActionMask = 2147483647;
			files = (
			);
			inputFileListPaths = (
			);
			inputPaths = (
				"${PODS_PODFILE_DIR_PATH}/Podfile.lock",
				"${PODS_ROOT}/Manifest.lock",
			);
			name = "[CP] Check Pods Manifest.lock";
			outputFileListPaths = (
			);
			outputPaths = (
				"$(DERIVED_FILE_DIR)/Pods-Skbkontur-checkManifestLockResult.txt",
			);
			runOnlyForDeploymentPostprocessing = 0;
			shellPath = /bin/sh;
			shellScript = "diff \"${PODS_PODFILE_DIR_PATH}/Podfile.lock\" \"${PODS_ROOT}/Manifest.lock\" > /dev/null\nif [ $? != 0 ] ; then\n    # print error to STDERR\n    echo \"error: The sandbox is not in sync with the Podfile.lock. Run 'pod install' or update your CocoaPods installation.\" >&2\n    exit 1\nfi\n# This output is used by Xcode 'outputs' to avoid re-running this script phase.\necho \"SUCCESS\" > \"${SCRIPT_OUTPUT_FILE_0}\"\n";
			showEnvVarsInLog = 0;
		};
/* End PBXShellScriptBuildPhase section */

/* Begin PBXSourcesBuildPhase section */
		92ADF48322B0CE7B0065B8DA /* Sources */ = {
			isa = PBXSourcesBuildPhase;
			buildActionMask = 2147483647;
			files = (
				92C9013422B51267008A32B6 /* DetailViewModel.swift in Sources */,
				92C9013022B5055B008A32B6 /* TableViewCellViewModel.swift in Sources */,
				92C9012C22B50462008A32B6 /* TableViewCellViewModelType.swift in Sources */,
				92ADF49D22B0D34C0065B8DA /* CustomVC.swift in Sources */,
				92C9014022B517DD008A32B6 /* DetailViewCellViewModelType.swift in Sources */,
				92ADF49F22B0D52E0065B8DA /* DetailVC.swift in Sources */,
				92C9012422B4F35D008A32B6 /* Load.swift in Sources */,
				92C9013822B512A9008A32B6 /* DetailViewModelType.swift in Sources */,
				92C900F422B10A3B008A32B6 /* personModel.swift in Sources */,
				925ECF2422B0DD4200CDBFA8 /* PhoneNumberCell.swift in Sources */,
				92C900F222B0F459008A32B6 /* StorageManager.swift in Sources */,
				925ECF2822B0DD8700CDBFA8 /* MainInformationCell.swift in Sources */,
				925CAC0722B8B2DC007C6473 /* LoadFactory.swift in Sources */,
				925CAC0922B8B355007C6473 /* GlobalFunc.swift in Sources */,
				925ECF2E22B0DDF700CDBFA8 /* MainVC.swift in Sources */,
				92C900F022B0F101008A32B6 /* RealmModel.swift in Sources */,
				92ADF48B22B0CE7B0065B8DA /* AppDelegate.swift in Sources */,
				92C9014222B518C0008A32B6 /* DetailViewCellViewModel.swift in Sources */,
				92C9012822B4FF15008A32B6 /* TableViewModelType.swift in Sources */,
				92C9012622B4FC34008A32B6 /* ViewModel.swift in Sources */,
				925ECF2622B0DD6100CDBFA8 /* BiographyCell.swift in Sources */,
			);
			runOnlyForDeploymentPostprocessing = 0;
		};
/* End PBXSourcesBuildPhase section */

/* Begin PBXVariantGroup section */
		92ADF48E22B0CE7B0065B8DA /* Main.storyboard */ = {
			isa = PBXVariantGroup;
			children = (
				92ADF48F22B0CE7B0065B8DA /* Base */,
			);
			name = Main.storyboard;
			sourceTree = "<group>";
		};
		92ADF49322B0CE7E0065B8DA /* LaunchScreen.storyboard */ = {
			isa = PBXVariantGroup;
			children = (
				92ADF49422B0CE7E0065B8DA /* Base */,
			);
			name = LaunchScreen.storyboard;
			sourceTree = "<group>";
		};
/* End PBXVariantGroup section */

/* Begin XCBuildConfiguration section */
		92ADF49722B0CE7E0065B8DA /* Debug */ = {
			isa = XCBuildConfiguration;
			buildSettings = {
				ALWAYS_SEARCH_USER_PATHS = NO;
				CLANG_ANALYZER_NONNULL = YES;
				CLANG_ANALYZER_NUMBER_OBJECT_CONVERSION = YES_AGGRESSIVE;
				CLANG_CXX_LANGUAGE_STANDARD = "gnu++14";
				CLANG_CXX_LIBRARY = "libc++";
				CLANG_ENABLE_MODULES = YES;
				CLANG_ENABLE_OBJC_ARC = YES;
				CLANG_ENABLE_OBJC_WEAK = YES;
				CLANG_WARN_BLOCK_CAPTURE_AUTORELEASING = YES;
				CLANG_WARN_BOOL_CONVERSION = YES;
				CLANG_WARN_COMMA = YES;
				CLANG_WARN_CONSTANT_CONVERSION = YES;
				CLANG_WARN_DEPRECATED_OBJC_IMPLEMENTATIONS = YES;
				CLANG_WARN_DIRECT_OBJC_ISA_USAGE = YES_ERROR;
				CLANG_WARN_DOCUMENTATION_COMMENTS = YES;
				CLANG_WARN_EMPTY_BODY = YES;
				CLANG_WARN_ENUM_CONVERSION = YES;
				CLANG_WARN_INFINITE_RECURSION = YES;
				CLANG_WARN_INT_CONVERSION = YES;
				CLANG_WARN_NON_LITERAL_NULL_CONVERSION = YES;
				CLANG_WARN_OBJC_IMPLICIT_RETAIN_SELF = YES;
				CLANG_WARN_OBJC_LITERAL_CONVERSION = YES;
				CLANG_WARN_OBJC_ROOT_CLASS = YES_ERROR;
				CLANG_WARN_RANGE_LOOP_ANALYSIS = YES;
				CLANG_WARN_STRICT_PROTOTYPES = YES;
				CLANG_WARN_SUSPICIOUS_MOVE = YES;
				CLANG_WARN_UNGUARDED_AVAILABILITY = YES_AGGRESSIVE;
				CLANG_WARN_UNREACHABLE_CODE = YES;
				CLANG_WARN__DUPLICATE_METHOD_MATCH = YES;
				CODE_SIGN_IDENTITY = "iPhone Developer";
				COPY_PHASE_STRIP = NO;
				DEBUG_INFORMATION_FORMAT = dwarf;
				ENABLE_STRICT_OBJC_MSGSEND = YES;
				ENABLE_TESTABILITY = YES;
				GCC_C_LANGUAGE_STANDARD = gnu11;
				GCC_DYNAMIC_NO_PIC = NO;
				GCC_NO_COMMON_BLOCKS = YES;
				GCC_OPTIMIZATION_LEVEL = 0;
				GCC_PREPROCESSOR_DEFINITIONS = (
					"DEBUG=1",
					"$(inherited)",
				);
				GCC_WARN_64_TO_32_BIT_CONVERSION = YES;
				GCC_WARN_ABOUT_RETURN_TYPE = YES_ERROR;
				GCC_WARN_UNDECLARED_SELECTOR = YES;
				GCC_WARN_UNINITIALIZED_AUTOS = YES_AGGRESSIVE;
				GCC_WARN_UNUSED_FUNCTION = YES;
				GCC_WARN_UNUSED_VARIABLE = YES;
				IPHONEOS_DEPLOYMENT_TARGET = 12.2;
				MTL_ENABLE_DEBUG_INFO = INCLUDE_SOURCE;
				MTL_FAST_MATH = YES;
				ONLY_ACTIVE_ARCH = YES;
				SDKROOT = iphoneos;
				SWIFT_ACTIVE_COMPILATION_CONDITIONS = DEBUG;
				SWIFT_OPTIMIZATION_LEVEL = "-Onone";
			};
			name = Debug;
		};
		92ADF49822B0CE7E0065B8DA /* Release */ = {
			isa = XCBuildConfiguration;
			buildSettings = {
				ALWAYS_SEARCH_USER_PATHS = NO;
				CLANG_ANALYZER_NONNULL = YES;
				CLANG_ANALYZER_NUMBER_OBJECT_CONVERSION = YES_AGGRESSIVE;
				CLANG_CXX_LANGUAGE_STANDARD = "gnu++14";
				CLANG_CXX_LIBRARY = "libc++";
				CLANG_ENABLE_MODULES = YES;
				CLANG_ENABLE_OBJC_ARC = YES;
				CLANG_ENABLE_OBJC_WEAK = YES;
				CLANG_WARN_BLOCK_CAPTURE_AUTORELEASING = YES;
				CLANG_WARN_BOOL_CONVERSION = YES;
				CLANG_WARN_COMMA = YES;
				CLANG_WARN_CONSTANT_CONVERSION = YES;
				CLANG_WARN_DEPRECATED_OBJC_IMPLEMENTATIONS = YES;
				CLANG_WARN_DIRECT_OBJC_ISA_USAGE = YES_ERROR;
				CLANG_WARN_DOCUMENTATION_COMMENTS = YES;
				CLANG_WARN_EMPTY_BODY = YES;
				CLANG_WARN_ENUM_CONVERSION = YES;
				CLANG_WARN_INFINITE_RECURSION = YES;
				CLANG_WARN_INT_CONVERSION = YES;
				CLANG_WARN_NON_LITERAL_NULL_CONVERSION = YES;
				CLANG_WARN_OBJC_IMPLICIT_RETAIN_SELF = YES;
				CLANG_WARN_OBJC_LITERAL_CONVERSION = YES;
				CLANG_WARN_OBJC_ROOT_CLASS = YES_ERROR;
				CLANG_WARN_RANGE_LOOP_ANALYSIS = YES;
				CLANG_WARN_STRICT_PROTOTYPES = YES;
				CLANG_WARN_SUSPICIOUS_MOVE = YES;
				CLANG_WARN_UNGUARDED_AVAILABILITY = YES_AGGRESSIVE;
				CLANG_WARN_UNREACHABLE_CODE = YES;
				CLANG_WARN__DUPLICATE_METHOD_MATCH = YES;
				CODE_SIGN_IDENTITY = "iPhone Developer";
				COPY_PHASE_STRIP = NO;
				DEBUG_INFORMATION_FORMAT = "dwarf-with-dsym";
				ENABLE_NS_ASSERTIONS = NO;
				ENABLE_STRICT_OBJC_MSGSEND = YES;
				GCC_C_LANGUAGE_STANDARD = gnu11;
				GCC_NO_COMMON_BLOCKS = YES;
				GCC_WARN_64_TO_32_BIT_CONVERSION = YES;
				GCC_WARN_ABOUT_RETURN_TYPE = YES_ERROR;
				GCC_WARN_UNDECLARED_SELECTOR = YES;
				GCC_WARN_UNINITIALIZED_AUTOS = YES_AGGRESSIVE;
				GCC_WARN_UNUSED_FUNCTION = YES;
				GCC_WARN_UNUSED_VARIABLE = YES;
				IPHONEOS_DEPLOYMENT_TARGET = 12.2;
				MTL_ENABLE_DEBUG_INFO = NO;
				MTL_FAST_MATH = YES;
				SDKROOT = iphoneos;
				SWIFT_COMPILATION_MODE = wholemodule;
				SWIFT_OPTIMIZATION_LEVEL = "-O";
				VALIDATE_PRODUCT = YES;
			};
			name = Release;
		};
		92ADF49A22B0CE7E0065B8DA /* Debug */ = {
			isa = XCBuildConfiguration;
			baseConfigurationReference = 72BF06C30EA1AFDB789098FC /* Pods-Skbkontur.debug.xcconfig */;
			buildSettings = {
				ASSETCATALOG_COMPILER_APPICON_NAME = AppIcon;
				CODE_SIGN_STYLE = Automatic;
				DEVELOPMENT_TEAM = AWN3QD4X7Y;
				INFOPLIST_FILE = Skbkontur/Info.plist;
				LD_RUNPATH_SEARCH_PATHS = (
					"$(inherited)",
					"@executable_path/Frameworks",
				);
				PRODUCT_BUNDLE_IDENTIFIER = ru.vdu.Skbkontur;
				PRODUCT_NAME = "$(TARGET_NAME)";
				SWIFT_VERSION = 5.0;
				TARGETED_DEVICE_FAMILY = "1,2";
			};
			name = Debug;
		};
		92ADF49B22B0CE7E0065B8DA /* Release */ = {
			isa = XCBuildConfiguration;
			baseConfigurationReference = 018996B369B74FFC8C101B07 /* Pods-Skbkontur.release.xcconfig */;
			buildSettings = {
				ASSETCATALOG_COMPILER_APPICON_NAME = AppIcon;
				CODE_SIGN_STYLE = Automatic;
				DEVELOPMENT_TEAM = AWN3QD4X7Y;
				INFOPLIST_FILE = Skbkontur/Info.plist;
				LD_RUNPATH_SEARCH_PATHS = (
					"$(inherited)",
					"@executable_path/Frameworks",
				);
				PRODUCT_BUNDLE_IDENTIFIER = ru.vdu.Skbkontur;
				PRODUCT_NAME = "$(TARGET_NAME)";
				SWIFT_VERSION = 5.0;
				TARGETED_DEVICE_FAMILY = "1,2";
			};
			name = Release;
		};
/* End XCBuildConfiguration section */

/* Begin XCConfigurationList section */
		92ADF48222B0CE7B0065B8DA /* Build configuration list for PBXProject "Skbkontur" */ = {
			isa = XCConfigurationList;
			buildConfigurations = (
				92ADF49722B0CE7E0065B8DA /* Debug */,
				92ADF49822B0CE7E0065B8DA /* Release */,
			);
			defaultConfigurationIsVisible = 0;
			defaultConfigurationName = Release;
		};
		92ADF49922B0CE7E0065B8DA /* Build configuration list for PBXNativeTarget "Skbkontur" */ = {
			isa = XCConfigurationList;
			buildConfigurations = (
				92ADF49A22B0CE7E0065B8DA /* Debug */,
				92ADF49B22B0CE7E0065B8DA /* Release */,
			);
			defaultConfigurationIsVisible = 0;
			defaultConfigurationName = Release;
		};
/* End XCConfigurationList section */
	};
	rootObject = 92ADF47F22B0CE7B0065B8DA /* Project object */;
}
